{
  "name": "f-taxes-frontend",
  "version": "0.0.1",
  "lockfileVersion": 1,
  "requires": true,
  "dependencies": {
    "@lit/reactive-element": {
      "version": "1.3.0",
      "resolved": "https://registry.npmjs.org/@lit/reactive-element/-/reactive-element-1.3.0.tgz",
      "integrity": "sha512-0TKSIuJHXNLM0k98fi0AdMIdUoHIYlDHTP+0Vruc2SOs4T6vU1FinXgSvYd8mSrkt+8R+qdRAXvjpqrMXMyBgw=="
    },
    "@sinonjs/text-encoding": {
      "version": "0.7.1",
      "resolved": "https://registry.npmjs.org/@sinonjs/text-encoding/-/text-encoding-0.7.1.tgz",
      "integrity": "sha512-+iTbntw2IZPb/anVDbypzfQa+ay64MW0Zo8aJ8gZPWMMK6/OubMVb6lUPMagqjOPnmtauXnFCACVl3O7ogjeqQ=="
    },
    "@tp/helpers": {
      "version": "1.0.1",
      "resolved": "https://verdaccio.codeblob.work/@tp%2fhelpers/-/helpers-1.0.1.tgz",
      "integrity": "sha512-f6pDPw4QpjWnmVkYgOHjMXQXtGB4vbA45eZV9DjCF9OoCXsa+Pz32H2rLQRKbdpsfFllywOBI+GMGPYDJyrG/Q=="
    },
    "@tp/tp-button": {
      "version": "1.0.0",
      "resolved": "https://verdaccio.codeblob.work/@tp%2ftp-button/-/tp-button-1.0.0.tgz",
      "integrity": "sha512-ArT2yf/ljiMKhPQHf8Z/6Pqmi/c7CcCtndRKmR+hUfCRbaMz7CRtj9nNMAynP4aekZLt4HwTLh+QVIwHn7ETtQ==",
      "requires": {
        "@tp/helpers": "^1.0.0",
        "@tp/tp-icon": "^1.0.0",
        "@tp/tp-spinner": "^1.0.0",
        "lit": "^2.2.0"
      }
    },
    "@tp/tp-dialog": {
      "version": "1.0.1",
      "resolved": "https://verdaccio.codeblob.work/@tp%2ftp-dialog/-/tp-dialog-1.0.1.tgz",
      "integrity": "sha512-uy3FoTqD1B/H0OyvZjbXgYe3YISJ6peUi0CbKhag4KAeL4pFpXwbWADgRkbDuyHoTMu9k2UBDzcf7jYknMsJtg==",
      "requires": {
        "@tp/helpers": "^1.0.1",
        "@tp/tp-icon": "^1.0.0",
        "lit": "^2.2.0"
      }
    },
    "@tp/tp-dropdown": {
      "version": "1.0.0",
      "resolved": "https://verdaccio.codeblob.work/@tp%2ftp-dropdown/-/tp-dropdown-1.0.0.tgz",
      "integrity": "sha512-Mm0RZPAgZzmdyQqaa+TYMKD6cxSpR73BYfTT//UOoj1lHsmBCZyUSPj4w1iiWe6zLCN3lbPWeCQnDWEuQbmBDg==",
      "requires": {
        "@tp/helpers": "^1.0.1",
        "@tp/tp-icon": "^1.0.0",
        "@tp/tp-input": "^1.0.3",
        "@tp/tp-media-query": "^1.0.0",
        "lit": "^2.2.0"
      }
    },
    "@tp/tp-form": {
      "version": "1.0.0",
      "resolved": "https://verdaccio.codeblob.work/@tp%2ftp-form/-/tp-form-1.0.0.tgz",
      "integrity": "sha512-DVJ7/okY8mz+PNhmBx7kHBN+GZQTIDKJTJwSgiEDIOLqrDwPfubmg2WK5JZ5Y+skIroPnmy2FJHjO5EAksgVvw==",
      "requires": {
        "lit": "^2.2.0"
      }
    },
    "@tp/tp-icon": {
      "version": "1.0.0",
      "resolved": "https://verdaccio.codeblob.work/@tp%2ftp-icon/-/tp-icon-1.0.0.tgz",
      "integrity": "sha512-/ETh6OPsDmU38niE68ngpZEMc/yaGhbvpuvZW67a1noQHiHOjW+kznhiqNYgV/x4AIxuslgvYquiGfWq+00a4Q==",
      "requires": {
        "@tp/tp-tooltip": "^1.0.0",
        "lit": "^2.2.0"
      }
    },
    "@tp/tp-input": {
      "version": "1.0.5",
      "resolved": "https://verdaccio.codeblob.work/@tp%2ftp-input/-/tp-input-1.0.5.tgz",
      "integrity": "sha512-eCARGEaHUR3QtH0Yl/Nqc6e5A2HG0a1l5Dp/QHI8YFlsurECzgO3iy6IL54p0NgtyYZXOPFqfHJyHoVHftgvng==",
      "requires": {
        "@tp/helpers": "^1.0.0",
        "lit": "^2.2.0"
      }
    },
    "@tp/tp-media-query": {
      "version": "1.0.0",
      "resolved": "https://verdaccio.codeblob.work/@tp%2ftp-media-query/-/tp-media-query-1.0.0.tgz",
      "integrity": "sha512-hxwkqgLDGXFmjQEMWxExJW/If1ppFerK9S5+I/P7qCKm3PMRDgafFvAPTpFLtqH3GYQ9z+uAAi2ZSNKqJ9Z7QQ==",
      "requires": {
        "lit": "^2.2.0"
      }
    },
    "@tp/tp-popup": {
      "version": "1.0.0",
      "resolved": "https://verdaccio.codeblob.work/@tp%2ftp-popup/-/tp-popup-1.0.0.tgz",
      "integrity": "sha512-Li64Ha0J+C7Vn+z69tSUZcIqfsEzxQSWK89BPhVovF3sHZWaAWamDaBG3m8hiZMi6WN48a41zCHWqjUYJUy1Dg==",
      "requires": {
        "@tp/helpers": "^1.0.1",
        "lit": "^2.2.0"
      }
    },
    "@tp/tp-router": {
      "version": "1.0.2",
      "resolved": "https://verdaccio.codeblob.work/@tp%2ftp-router/-/tp-router-1.0.2.tgz",
      "integrity": "sha512-sKgtvlc3LW7RwOHXN0WiDKUDCSofJUwiDcOLcSegLZ9otm7jz6vNqFD7PP65mruVEE6ISf/AZ9ZE+l/icbu64Q==",
      "requires": {
        "@tp/helpers": "^1.0.1",
        "lit": "^2.2.0"
      }
    },
    "@tp/tp-spinner": {
      "version": "1.0.0",
      "resolved": "https://verdaccio.codeblob.work/@tp%2ftp-spinner/-/tp-spinner-1.0.0.tgz",
      "integrity": "sha512-IFlyrBwA6YuJbWO3YpSSbzniwrIJWwpRqAXMfxB+3X/dHuuOfuONLnU1dOlqKMDOw+iFuSr54NuAw6VZc6aTpA==",
      "requires": {
        "lit": "^2.2.0"
      }
    },
    "@tp/tp-store": {
      "version": "1.1.1",
      "resolved": "https://verdaccio.codeblob.work/@tp%2ftp-store/-/tp-store-1.1.1.tgz",
      "integrity": "sha512-5C+67T+bIRgl+l75/dr/7BWEnWcJRGqPnNOsZlj+hE4Ur2AtrXJvTKXUOU9Uoezokm2CwJY8Cz2cKAMQQl2eEg=="
    },
    "@tp/tp-tooltip": {
      "version": "1.0.0",
      "resolved": "https://verdaccio.codeblob.work/@tp%2ftp-tooltip/-/tp-tooltip-1.0.0.tgz",
      "integrity": "sha512-UtrIK5KWcEiC+HnHOVbgg90j4RjHn3e9ehOBYPZsm6zO+tT7pQJJYFOtJqBW+DDV7jVfH3AvGKCxtzNiJXYvDw==",
      "requires": {
        "@tp/helpers": "^1.0.0",
        "lit": "^2.2.0"
      }
    },
    "@types/trusted-types": {
      "version": "2.0.2",
      "resolved": "https://registry.npmjs.org/@types/trusted-types/-/trusted-types-2.0.2.tgz",
      "integrity": "sha512-F5DIZ36YVLE+PN+Zwws4kJogq47hNgX3Nx6WyDJ3kcplxyke3XIzB8uK5n/Lpm1HBsbGzd6nmGehL8cPekP+Tg=="
    },
    "date-fns": {
      "version": "2.28.0",
      "resolved": "https://verdaccio.codeblob.work/date-fns/-/date-fns-2.28.0.tgz",
      "integrity": "sha512-8d35hViGYx/QH0icHYCeLmsLmMUheMmTyV9Fcm6gvNwdw31yXXH+O85sOBJ+OLnLQMKZowvpKb6FgMIQjcpvQw=="
    },
    "lit": {
      "version": "2.2.0",
      "resolved": "https://registry.npmjs.org/lit/-/lit-2.2.0.tgz",
      "integrity": "sha512-FDyxUuczo6cJJY/2Bkgfh1872U4ikUvmK1Cb6+lYC1CW+QOo8CaWXCpvPKFzYsz0ojUxoruBLVrECc7VI2f1dQ==",
      "requires": {
        "@lit/reactive-element": "^1.3.0",
        "lit-element": "^3.2.0",
        "lit-html": "^2.2.0"
      }
    },
    "lit-element": {
      "version": "3.2.0",
      "resolved": "https://registry.npmjs.org/lit-element/-/lit-element-3.2.0.tgz",
      "integrity": "sha512-HbE7yt2SnUtg5DCrWt028oaU4D5F4k/1cntAFHTkzY8ZIa8N0Wmu92PxSxucsQSOXlODFrICkQ5x/tEshKi13g==",
      "requires": {
        "@lit/reactive-element": "^1.3.0",
        "lit-html": "^2.2.0"
      }
    },
    "lit-html": {
      "version": "2.2.0",
      "resolved": "https://registry.npmjs.org/lit-html/-/lit-html-2.2.0.tgz",
      "integrity": "sha512-dJnevgV8VkCuOXLWrjQopDE8nSy8CzipZ/ATfYQv7z7Dct4abblcKecf50gkIScuwCTzKvRLgvTgV0zzagW4gA==",
      "requires": {
        "@types/trusted-types": "^2.0.2"
      }
    },
    "neffos.js": {
      "version": "0.1.25",
      "resolved": "https://registry.npmjs.org/neffos.js/-/neffos.js-0.1.25.tgz",
      "integrity": "sha512-tCDrpnbaT94X7sRh6j23yjLdhNXqf3lewJyr5lyNgjV7KQEm9KIoVWjkb6oJPQ9l4irpePO79oMF2PNdFUm8IA==",
      "requires": {
        "@sinonjs/text-encoding": "^0.7.1",
        "node-fetch": "^2.6.0",
        "ws": "^7.0.0"
      }
    },
    "node-fetch": {
      "version": "2.6.7",
      "resolved": "https://registry.npmjs.org/node-fetch/-/node-fetch-2.6.7.tgz",
      "integrity": "sha512-ZjMPFEfVx5j+y2yF35Kzx5sF7kDzxuDj6ziH4FFbOp87zKDZNx8yExJIb05OGF4Nlt9IHFIMBkRl41VdvcNdbQ==",
      "requires": {
        "whatwg-url": "^5.0.0"
      }
    },
    "path-to-regexp": {
      "version": "6.2.0",
      "resolved": "https://registry.npmjs.org/path-to-regexp/-/path-to-regexp-6.2.0.tgz",
      "integrity": "sha512-f66KywYG6+43afgE/8j/GoiNyygk/bnoCbps++3ErRKsIYkGGupyv07R2Ok5m9i67Iqc+T2g1eAUGUPzWhYTyg=="
    },
    "tr46": {
      "version": "0.0.3",
      "resolved": "https://registry.npmjs.org/tr46/-/tr46-0.0.3.tgz",
      "integrity": "sha1-gYT9NH2snNwYWZLzpmIuFLnZq2o="
    },
    "webidl-conversions": {
      "version": "3.0.1",
      "resolved": "https://registry.npmjs.org/webidl-conversions/-/webidl-conversions-3.0.1.tgz",
      "integrity": "sha1-JFNCdeKnvGvnvIZhHMFq4KVlSHE="
    },
    "whatwg-url": {
      "version": "5.0.0",
      "resolved": "https://registry.npmjs.org/whatwg-url/-/whatwg-url-5.0.0.tgz",
      "integrity": "sha1-lmRU6HZUYuN2RNNib2dCzotwll0=",
      "requires": {
        "tr46": "~0.0.3",
        "webidl-conversions": "^3.0.0"
      }
    },
    "ws": {
      "version": "7.5.7",
      "resolved": "https://registry.npmjs.org/ws/-/ws-7.5.7.tgz",
      "integrity": "sha512-KMvVuFzpKBuiIXW3E4u3mySRO2/mCHSyZDJQM5NQ9Q9KHWHWh0NHgfbRMLLrceUK5qAL4ytALJbpRMjixFZh8A=="
    }
  }
}
