{
  "name": "f-taxes-frontend",
  "version": "0.0.1",
  "lockfileVersion": 2,
  "requires": true,
  "packages": {
    "": {
      "name": "f-taxes-frontend",
      "version": "0.0.1",
      "license": "Apache-2.0",
      "dependencies": {
        "@lit-labs/virtualizer": "^0.7.0-pre.2",
        "@tp/helpers": "^1.0.2",
        "@tp/tp-button": "^1.0.1",
        "@tp/tp-checkbox": "^1.0.1",
        "@tp/tp-dialog": "^1.0.2",
        "@tp/tp-dropdown": "^1.0.0",
        "@tp/tp-form": "^1.0.0",
        "@tp/tp-icon": "^1.0.1",
        "@tp/tp-input": "^1.0.5",
        "@tp/tp-popup": "^1.0.1",
        "@tp/tp-router": "^1.0.2",
        "@tp/tp-scroll-threshold": "^1.0.0",
        "@tp/tp-store": "^1.1.1",
        "date-fns": "^2.28.0",
        "lit": "^2.2.0",
        "neffos.js": "^0.1.25",
        "path-to-regexp": "^6.2.0"
      }
    },
    "node_modules/@lit-labs/virtualizer": {
      "version": "0.7.0-pre.2",
      "resolved": "https://verdaccio.codeblob.work/@lit-labs%2fvirtualizer/-/virtualizer-0.7.0-pre.2.tgz",
      "integrity": "sha512-UfVSP30X2HIG/mhovN3dvaIG0M9tDg0Mo4OSMtsLzZByo0fABWh5AVPToJ6odmfwhnK6mKuUnSEYW9ONptmJjg==",
      "license": "BSD-3-Clause",
      "dependencies": {
        "event-target-shim": "^5.0.1",
        "lit": "^2.0.0",
        "tslib": "^1.10.0"
      }
    },
    "node_modules/@lit/reactive-element": {
      "version": "1.3.0",
      "resolved": "https://registry.npmjs.org/@lit/reactive-element/-/reactive-element-1.3.0.tgz",
      "integrity": "sha512-0TKSIuJHXNLM0k98fi0AdMIdUoHIYlDHTP+0Vruc2SOs4T6vU1FinXgSvYd8mSrkt+8R+qdRAXvjpqrMXMyBgw==",
      "license": "BSD-3-Clause"
    },
    "node_modules/@sinonjs/text-encoding": {
      "version": "0.7.1",
      "resolved": "https://registry.npmjs.org/@sinonjs/text-encoding/-/text-encoding-0.7.1.tgz",
      "integrity": "sha512-+iTbntw2IZPb/anVDbypzfQa+ay64MW0Zo8aJ8gZPWMMK6/OubMVb6lUPMagqjOPnmtauXnFCACVl3O7ogjeqQ==",
      "license": "(Unlicense OR Apache-2.0)"
    },
    "node_modules/@tp/helpers": {
      "version": "1.0.2",
      "resolved": "https://verdaccio.codeblob.work/@tp%2fhelpers/-/helpers-1.0.2.tgz",
      "integrity": "sha512-JV+k3evVSIelOgXIEXKa6OpD8FU9rmRgUG8yBm3BKreuIJCA49OQWksuqt+ocdBNhD+KtT6d5EC5uK9kf9Vrbg==",
      "license": "Apache-2.0"
    },
    "node_modules/@tp/tp-button": {
      "version": "1.0.1",
      "resolved": "https://verdaccio.codeblob.work/@tp%2ftp-button/-/tp-button-1.0.1.tgz",
      "integrity": "sha512-Ibx7O1OQBDP7JF8QVHFIpbPgHzp3HehVIeVUSmyFGIWmJluk0fLDshoGqTmBvcrp/98/XxDQZfH1ksHiWMhUPw==",
      "license": "Apache-2.0",
      "dependencies": {
        "@tp/helpers": "^1.0.0",
        "@tp/tp-icon": "^1.0.0",
        "@tp/tp-spinner": "^1.0.0",
        "lit": "^2.2.0"
      }
    },
    "node_modules/@tp/tp-checkbox": {
      "version": "1.0.1",
      "resolved": "https://verdaccio.codeblob.work/@tp%2ftp-checkbox/-/tp-checkbox-1.0.1.tgz",
      "integrity": "sha512-C3QyB6iIH5ljH8wVINvrV2pNSMLL9nhRJTjc5fWlJImWtTLu8BXjr7xcT8Ks6TzzAFhdKIJblqwGFPYONnA8YQ==",
      "license": "Apache-2.0",
      "dependencies": {
        "lit": "^2.2.0"
      }
    },
    "node_modules/@tp/tp-dialog": {
      "version": "1.0.2",
      "resolved": "https://verdaccio.codeblob.work/@tp%2ftp-dialog/-/tp-dialog-1.0.2.tgz",
      "integrity": "sha512-GkAfdVKFbJ+AFhNWdoEySm/rUflmbE0WZYM/gY+kTcbTr120K5Z2enActx/E38rCbje9aljlsnbo35QtrwAgjA==",
      "license": "Apache-2.0",
      "dependencies": {
        "@tp/helpers": "^1.0.1",
        "@tp/tp-icon": "^1.0.0",
        "lit": "^2.2.0"
      }
    },
    "node_modules/@tp/tp-dropdown": {
      "version": "1.0.0",
      "resolved": "https://verdaccio.codeblob.work/@tp%2ftp-dropdown/-/tp-dropdown-1.0.0.tgz",
      "integrity": "sha512-Mm0RZPAgZzmdyQqaa+TYMKD6cxSpR73BYfTT//UOoj1lHsmBCZyUSPj4w1iiWe6zLCN3lbPWeCQnDWEuQbmBDg==",
      "license": "Apache-2.0",
      "dependencies": {
        "@tp/helpers": "^1.0.1",
        "@tp/tp-icon": "^1.0.0",
        "@tp/tp-input": "^1.0.3",
        "@tp/tp-media-query": "^1.0.0",
        "lit": "^2.2.0"
      }
    },
    "node_modules/@tp/tp-form": {
      "version": "1.0.0",
      "resolved": "https://verdaccio.codeblob.work/@tp%2ftp-form/-/tp-form-1.0.0.tgz",
      "integrity": "sha512-DVJ7/okY8mz+PNhmBx7kHBN+GZQTIDKJTJwSgiEDIOLqrDwPfubmg2WK5JZ5Y+skIroPnmy2FJHjO5EAksgVvw==",
      "license": "Apache-2.0",
      "dependencies": {
        "lit": "^2.2.0"
      }
    },
    "node_modules/@tp/tp-icon": {
      "version": "1.0.1",
      "resolved": "https://verdaccio.codeblob.work/@tp%2ftp-icon/-/tp-icon-1.0.1.tgz",
      "integrity": "sha512-rBbQoXZ5t35F7yIbPAEGAlDscZhxLZ5/o229kyiBBrXvCrc+aVOsetSwF1jPeBSmb57h2PfinIvQhtMARwWHoA==",
      "license": "Apache-2.0",
      "dependencies": {
        "@tp/tp-tooltip": "^1.0.0",
        "lit": "^2.2.0"
      }
    },
    "node_modules/@tp/tp-input": {
      "version": "1.0.5",
      "resolved": "https://verdaccio.codeblob.work/@tp%2ftp-input/-/tp-input-1.0.5.tgz",
      "integrity": "sha512-eCARGEaHUR3QtH0Yl/Nqc6e5A2HG0a1l5Dp/QHI8YFlsurECzgO3iy6IL54p0NgtyYZXOPFqfHJyHoVHftgvng==",
      "license": "Apache-2.0",
      "dependencies": {
        "@tp/helpers": "^1.0.0",
        "lit": "^2.2.0"
      }
    },
    "node_modules/@tp/tp-media-query": {
      "version": "1.0.0",
      "resolved": "https://verdaccio.codeblob.work/@tp%2ftp-media-query/-/tp-media-query-1.0.0.tgz",
      "integrity": "sha512-hxwkqgLDGXFmjQEMWxExJW/If1ppFerK9S5+I/P7qCKm3PMRDgafFvAPTpFLtqH3GYQ9z+uAAi2ZSNKqJ9Z7QQ==",
      "license": "Apache-2.0",
      "dependencies": {
        "lit": "^2.2.0"
      }
    },
    "node_modules/@tp/tp-popup": {
      "version": "1.0.1",
      "resolved": "https://verdaccio.codeblob.work/@tp%2ftp-popup/-/tp-popup-1.0.1.tgz",
      "integrity": "sha512-yt7KkKgmujqBux8/D3y9GcyIsfat8yhUW1d+XOchzp/JU5i6KLGr/xZJa9nz8yVIdLopGdkJIPciLK9DSa4kyA==",
      "license": "Apache-2.0",
      "dependencies": {
        "@tp/helpers": "^1.0.1",
        "lit": "^2.2.0"
      }
    },
    "node_modules/@tp/tp-router": {
      "version": "1.0.2",
      "resolved": "https://verdaccio.codeblob.work/@tp%2ftp-router/-/tp-router-1.0.2.tgz",
      "integrity": "sha512-sKgtvlc3LW7RwOHXN0WiDKUDCSofJUwiDcOLcSegLZ9otm7jz6vNqFD7PP65mruVEE6ISf/AZ9ZE+l/icbu64Q==",
      "license": "Apache-2.0",
      "dependencies": {
        "@tp/helpers": "^1.0.1",
        "lit": "^2.2.0"
      }
    },
    "node_modules/@tp/tp-scroll-threshold": {
      "version": "1.0.0",
      "resolved": "https://verdaccio.codeblob.work/@tp%2ftp-scroll-threshold/-/tp-scroll-threshold-1.0.0.tgz",
      "integrity": "sha512-8azYxjw9P1y5j9FLt6MVjzIBpG8vV8B6es0k2zeHf1CJJ7I/o+nRI+LOlfMoeU491bMZpgBdJHZqeNHLO5RyWw==",
      "license": "Apache-2.0",
      "dependencies": {
        "lit": "^2.2.0"
      }
    },
    "node_modules/@tp/tp-spinner": {
      "version": "1.0.0",
      "resolved": "https://verdaccio.codeblob.work/@tp%2ftp-spinner/-/tp-spinner-1.0.0.tgz",
      "integrity": "sha512-IFlyrBwA6YuJbWO3YpSSbzniwrIJWwpRqAXMfxB+3X/dHuuOfuONLnU1dOlqKMDOw+iFuSr54NuAw6VZc6aTpA==",
      "license": "Apache-2.0",
      "dependencies": {
        "lit": "^2.2.0"
      }
    },
    "node_modules/@tp/tp-store": {
      "version": "1.1.1",
      "resolved": "https://verdaccio.codeblob.work/@tp%2ftp-store/-/tp-store-1.1.1.tgz",
      "integrity": "sha512-5C+67T+bIRgl+l75/dr/7BWEnWcJRGqPnNOsZlj+hE4Ur2AtrXJvTKXUOU9Uoezokm2CwJY8Cz2cKAMQQl2eEg==",
      "license": "Apache-2.0"
    },
    "node_modules/@tp/tp-tooltip": {
      "version": "1.0.0",
      "resolved": "https://verdaccio.codeblob.work/@tp%2ftp-tooltip/-/tp-tooltip-1.0.0.tgz",
      "integrity": "sha512-UtrIK5KWcEiC+HnHOVbgg90j4RjHn3e9ehOBYPZsm6zO+tT7pQJJYFOtJqBW+DDV7jVfH3AvGKCxtzNiJXYvDw==",
      "license": "Apache-2.0",
      "dependencies": {
        "@tp/helpers": "^1.0.0",
        "lit": "^2.2.0"
      }
    },
    "node_modules/@types/trusted-types": {
      "version": "2.0.2",
      "resolved": "https://registry.npmjs.org/@types/trusted-types/-/trusted-types-2.0.2.tgz",
      "integrity": "sha512-F5DIZ36YVLE+PN+Zwws4kJogq47hNgX3Nx6WyDJ3kcplxyke3XIzB8uK5n/Lpm1HBsbGzd6nmGehL8cPekP+Tg==",
      "license": "MIT"
    },
    "node_modules/date-fns": {
      "version": "2.28.0",
      "resolved": "https://verdaccio.codeblob.work/date-fns/-/date-fns-2.28.0.tgz",
      "integrity": "sha512-8d35hViGYx/QH0icHYCeLmsLmMUheMmTyV9Fcm6gvNwdw31yXXH+O85sOBJ+OLnLQMKZowvpKb6FgMIQjcpvQw==",
      "license": "MIT",
      "engines": {
        "node": ">=0.11"
      },
      "funding": {
        "type": "opencollective",
        "url": "https://opencollective.com/date-fns"
      }
    },
    "node_modules/event-target-shim": {
      "version": "5.0.1",
      "resolved": "https://verdaccio.codeblob.work/event-target-shim/-/event-target-shim-5.0.1.tgz",
      "integrity": "sha512-i/2XbnSz/uxRCU6+NdVJgKWDTM427+MqYbkQzD321DuCQJUqOuJKIA0IM2+W2xtYHdKOmZ4dR6fExsd4SXL+WQ==",
      "license": "MIT",
      "engines": {
        "node": ">=6"
      }
    },
    "node_modules/lit": {
      "version": "2.2.0",
      "resolved": "https://registry.npmjs.org/lit/-/lit-2.2.0.tgz",
      "integrity": "sha512-FDyxUuczo6cJJY/2Bkgfh1872U4ikUvmK1Cb6+lYC1CW+QOo8CaWXCpvPKFzYsz0ojUxoruBLVrECc7VI2f1dQ==",
      "license": "BSD-3-Clause",
      "dependencies": {
        "@lit/reactive-element": "^1.3.0",
        "lit-element": "^3.2.0",
        "lit-html": "^2.2.0"
      }
    },
    "node_modules/lit-element": {
      "version": "3.2.0",
      "resolved": "https://registry.npmjs.org/lit-element/-/lit-element-3.2.0.tgz",
      "integrity": "sha512-HbE7yt2SnUtg5DCrWt028oaU4D5F4k/1cntAFHTkzY8ZIa8N0Wmu92PxSxucsQSOXlODFrICkQ5x/tEshKi13g==",
      "license": "BSD-3-Clause",
      "dependencies": {
        "@lit/reactive-element": "^1.3.0",
        "lit-html": "^2.2.0"
      }
    },
    "node_modules/lit-html": {
      "version": "2.2.0",
      "resolved": "https://registry.npmjs.org/lit-html/-/lit-html-2.2.0.tgz",
      "integrity": "sha512-dJnevgV8VkCuOXLWrjQopDE8nSy8CzipZ/ATfYQv7z7Dct4abblcKecf50gkIScuwCTzKvRLgvTgV0zzagW4gA==",
      "license": "BSD-3-Clause",
      "dependencies": {
        "@types/trusted-types": "^2.0.2"
      }
    },
    "node_modules/neffos.js": {
      "version": "0.1.25",
      "resolved": "https://registry.npmjs.org/neffos.js/-/neffos.js-0.1.25.tgz",
      "integrity": "sha512-tCDrpnbaT94X7sRh6j23yjLdhNXqf3lewJyr5lyNgjV7KQEm9KIoVWjkb6oJPQ9l4irpePO79oMF2PNdFUm8IA==",
      "license": "MIT",
      "dependencies": {
        "@sinonjs/text-encoding": "^0.7.1",
        "node-fetch": "^2.6.0",
        "ws": "^7.0.0"
      }
    },
    "node_modules/node-fetch": {
      "version": "2.6.7",
      "resolved": "https://registry.npmjs.org/node-fetch/-/node-fetch-2.6.7.tgz",
      "integrity": "sha512-ZjMPFEfVx5j+y2yF35Kzx5sF7kDzxuDj6ziH4FFbOp87zKDZNx8yExJIb05OGF4Nlt9IHFIMBkRl41VdvcNdbQ==",
      "license": "MIT",
      "dependencies": {
        "whatwg-url": "^5.0.0"
      },
      "engines": {
        "node": "4.x || >=6.0.0"
      },
      "peerDependencies": {
        "encoding": "^0.1.0"
      },
      "peerDependenciesMeta": {
        "encoding": {
          "optional": true
        }
      }
    },
    "node_modules/path-to-regexp": {
      "version": "6.2.0",
      "resolved": "https://registry.npmjs.org/path-to-regexp/-/path-to-regexp-6.2.0.tgz",
      "integrity": "sha512-f66KywYG6+43afgE/8j/GoiNyygk/bnoCbps++3ErRKsIYkGGupyv07R2Ok5m9i67Iqc+T2g1eAUGUPzWhYTyg==",
      "license": "MIT"
    },
    "node_modules/tr46": {
      "version": "0.0.3",
      "resolved": "https://registry.npmjs.org/tr46/-/tr46-0.0.3.tgz",
      "integrity": "sha1-gYT9NH2snNwYWZLzpmIuFLnZq2o=",
      "license": "MIT"
    },
    "node_modules/tslib": {
      "version": "1.14.1",
      "resolved": "https://verdaccio.codeblob.work/tslib/-/tslib-1.14.1.tgz",
      "integrity": "sha512-Xni35NKzjgMrwevysHTCArtLDpPvye8zV/0E4EyYn43P7/7qvQwPh9BGkHewbMulVntbigmcT7rdX3BNo9wRJg==",
      "license": "0BSD"
    },
    "node_modules/webidl-conversions": {
      "version": "3.0.1",
      "resolved": "https://registry.npmjs.org/webidl-conversions/-/webidl-conversions-3.0.1.tgz",
      "integrity": "sha1-JFNCdeKnvGvnvIZhHMFq4KVlSHE=",
      "license": "BSD-2-Clause"
    },
    "node_modules/whatwg-url": {
      "version": "5.0.0",
      "resolved": "https://registry.npmjs.org/whatwg-url/-/whatwg-url-5.0.0.tgz",
      "integrity": "sha1-lmRU6HZUYuN2RNNib2dCzotwll0=",
      "license": "MIT",
      "dependencies": {
        "tr46": "~0.0.3",
        "webidl-conversions": "^3.0.0"
      }
    },
    "node_modules/ws": {
      "version": "7.5.7",
      "resolved": "https://registry.npmjs.org/ws/-/ws-7.5.7.tgz",
      "integrity": "sha512-KMvVuFzpKBuiIXW3E4u3mySRO2/mCHSyZDJQM5NQ9Q9KHWHWh0NHgfbRMLLrceUK5qAL4ytALJbpRMjixFZh8A==",
      "license": "MIT",
      "engines": {
        "node": ">=8.3.0"
      },
      "peerDependencies": {
        "bufferutil": "^4.0.1",
        "utf-8-validate": "^5.0.2"
      },
      "peerDependenciesMeta": {
        "bufferutil": {
          "optional": true
        },
        "utf-8-validate": {
          "optional": true
        }
      }
    }
  },
  "dependencies": {
    "@lit-labs/virtualizer": {
      "version": "0.7.0-pre.2",
      "resolved": "https://verdaccio.codeblob.work/@lit-labs%2fvirtualizer/-/virtualizer-0.7.0-pre.2.tgz",
      "integrity": "sha512-UfVSP30X2HIG/mhovN3dvaIG0M9tDg0Mo4OSMtsLzZByo0fABWh5AVPToJ6odmfwhnK6mKuUnSEYW9ONptmJjg==",
      "requires": {
        "event-target-shim": "^5.0.1",
        "lit": "^2.0.0",
        "tslib": "^1.10.0"
      }
    },
    "@lit/reactive-element": {
      "version": "1.3.0",
      "resolved": "https://registry.npmjs.org/@lit/reactive-element/-/reactive-element-1.3.0.tgz",
      "integrity": "sha512-0TKSIuJHXNLM0k98fi0AdMIdUoHIYlDHTP+0Vruc2SOs4T6vU1FinXgSvYd8mSrkt+8R+qdRAXvjpqrMXMyBgw=="
    },
    "@sinonjs/text-encoding": {
      "version": "0.7.1",
      "resolved": "https://registry.npmjs.org/@sinonjs/text-encoding/-/text-encoding-0.7.1.tgz",
      "integrity": "sha512-+iTbntw2IZPb/anVDbypzfQa+ay64MW0Zo8aJ8gZPWMMK6/OubMVb6lUPMagqjOPnmtauXnFCACVl3O7ogjeqQ=="
    },
    "@tp/helpers": {
      "version": "1.0.2",
      "resolved": "https://verdaccio.codeblob.work/@tp%2fhelpers/-/helpers-1.0.2.tgz",
      "integrity": "sha512-JV+k3evVSIelOgXIEXKa6OpD8FU9rmRgUG8yBm3BKreuIJCA49OQWksuqt+ocdBNhD+KtT6d5EC5uK9kf9Vrbg=="
    },
    "@tp/tp-button": {
      "version": "1.0.1",
      "resolved": "https://verdaccio.codeblob.work/@tp%2ftp-button/-/tp-button-1.0.1.tgz",
      "integrity": "sha512-Ibx7O1OQBDP7JF8QVHFIpbPgHzp3HehVIeVUSmyFGIWmJluk0fLDshoGqTmBvcrp/98/XxDQZfH1ksHiWMhUPw==",
      "requires": {
        "@tp/helpers": "^1.0.0",
        "@tp/tp-icon": "^1.0.0",
        "@tp/tp-spinner": "^1.0.0",
        "lit": "^2.2.0"
      }
    },
    "@tp/tp-checkbox": {
      "version": "1.0.1",
      "resolved": "https://verdaccio.codeblob.work/@tp%2ftp-checkbox/-/tp-checkbox-1.0.1.tgz",
      "integrity": "sha512-C3QyB6iIH5ljH8wVINvrV2pNSMLL9nhRJTjc5fWlJImWtTLu8BXjr7xcT8Ks6TzzAFhdKIJblqwGFPYONnA8YQ==",
      "requires": {
        "lit": "^2.2.0"
      }
    },
    "@tp/tp-dialog": {
      "version": "1.0.2",
      "resolved": "https://verdaccio.codeblob.work/@tp%2ftp-dialog/-/tp-dialog-1.0.2.tgz",
      "integrity": "sha512-GkAfdVKFbJ+AFhNWdoEySm/rUflmbE0WZYM/gY+kTcbTr120K5Z2enActx/E38rCbje9aljlsnbo35QtrwAgjA==",
      "requires": {
        "@tp/helpers": "^1.0.1",
        "@tp/tp-icon": "^1.0.0",
        "lit": "^2.2.0"
      }
    },
    "@tp/tp-dropdown": {
      "version": "1.0.0",
      "resolved": "https://verdaccio.codeblob.work/@tp%2ftp-dropdown/-/tp-dropdown-1.0.0.tgz",
      "integrity": "sha512-Mm0RZPAgZzmdyQqaa+TYMKD6cxSpR73BYfTT//UOoj1lHsmBCZyUSPj4w1iiWe6zLCN3lbPWeCQnDWEuQbmBDg==",
      "requires": {
        "@tp/helpers": "^1.0.1",
        "@tp/tp-icon": "^1.0.0",
        "@tp/tp-input": "^1.0.3",
        "@tp/tp-media-query": "^1.0.0",
        "lit": "^2.2.0"
      }
    },
    "@tp/tp-form": {
      "version": "1.0.0",
      "resolved": "https://verdaccio.codeblob.work/@tp%2ftp-form/-/tp-form-1.0.0.tgz",
      "integrity": "sha512-DVJ7/okY8mz+PNhmBx7kHBN+GZQTIDKJTJwSgiEDIOLqrDwPfubmg2WK5JZ5Y+skIroPnmy2FJHjO5EAksgVvw==",
      "requires": {
        "lit": "^2.2.0"
      }
    },
    "@tp/tp-icon": {
      "version": "1.0.1",
      "resolved": "https://verdaccio.codeblob.work/@tp%2ftp-icon/-/tp-icon-1.0.1.tgz",
      "integrity": "sha512-rBbQoXZ5t35F7yIbPAEGAlDscZhxLZ5/o229kyiBBrXvCrc+aVOsetSwF1jPeBSmb57h2PfinIvQhtMARwWHoA==",
      "requires": {
        "@tp/tp-tooltip": "^1.0.0",
        "lit": "^2.2.0"
      }
    },
    "@tp/tp-input": {
      "version": "1.0.5",
      "resolved": "https://verdaccio.codeblob.work/@tp%2ftp-input/-/tp-input-1.0.5.tgz",
      "integrity": "sha512-eCARGEaHUR3QtH0Yl/Nqc6e5A2HG0a1l5Dp/QHI8YFlsurECzgO3iy6IL54p0NgtyYZXOPFqfHJyHoVHftgvng==",
      "requires": {
        "@tp/helpers": "^1.0.0",
        "lit": "^2.2.0"
      }
    },
    "@tp/tp-media-query": {
      "version": "1.0.0",
      "resolved": "https://verdaccio.codeblob.work/@tp%2ftp-media-query/-/tp-media-query-1.0.0.tgz",
      "integrity": "sha512-hxwkqgLDGXFmjQEMWxExJW/If1ppFerK9S5+I/P7qCKm3PMRDgafFvAPTpFLtqH3GYQ9z+uAAi2ZSNKqJ9Z7QQ==",
      "requires": {
        "lit": "^2.2.0"
      }
    },
    "@tp/tp-popup": {
      "version": "1.0.1",
      "resolved": "https://verdaccio.codeblob.work/@tp%2ftp-popup/-/tp-popup-1.0.1.tgz",
      "integrity": "sha512-yt7KkKgmujqBux8/D3y9GcyIsfat8yhUW1d+XOchzp/JU5i6KLGr/xZJa9nz8yVIdLopGdkJIPciLK9DSa4kyA==",
      "requires": {
        "@tp/helpers": "^1.0.1",
        "lit": "^2.2.0"
      }
    },
    "@tp/tp-router": {
      "version": "1.0.2",
      "resolved": "https://verdaccio.codeblob.work/@tp%2ftp-router/-/tp-router-1.0.2.tgz",
      "integrity": "sha512-sKgtvlc3LW7RwOHXN0WiDKUDCSofJUwiDcOLcSegLZ9otm7jz6vNqFD7PP65mruVEE6ISf/AZ9ZE+l/icbu64Q==",
      "requires": {
        "@tp/helpers": "^1.0.1",
        "lit": "^2.2.0"
      }
    },
    "@tp/tp-scroll-threshold": {
      "version": "1.0.0",
      "resolved": "https://verdaccio.codeblob.work/@tp%2ftp-scroll-threshold/-/tp-scroll-threshold-1.0.0.tgz",
      "integrity": "sha512-8azYxjw9P1y5j9FLt6MVjzIBpG8vV8B6es0k2zeHf1CJJ7I/o+nRI+LOlfMoeU491bMZpgBdJHZqeNHLO5RyWw==",
      "requires": {
        "lit": "^2.2.0"
      }
    },
    "@tp/tp-spinner": {
      "version": "1.0.0",
      "resolved": "https://verdaccio.codeblob.work/@tp%2ftp-spinner/-/tp-spinner-1.0.0.tgz",
      "integrity": "sha512-IFlyrBwA6YuJbWO3YpSSbzniwrIJWwpRqAXMfxB+3X/dHuuOfuONLnU1dOlqKMDOw+iFuSr54NuAw6VZc6aTpA==",
      "requires": {
        "lit": "^2.2.0"
      }
    },
    "@tp/tp-store": {
      "version": "1.1.1",
      "resolved": "https://verdaccio.codeblob.work/@tp%2ftp-store/-/tp-store-1.1.1.tgz",
      "integrity": "sha512-5C+67T+bIRgl+l75/dr/7BWEnWcJRGqPnNOsZlj+hE4Ur2AtrXJvTKXUOU9Uoezokm2CwJY8Cz2cKAMQQl2eEg=="
    },
    "@tp/tp-tooltip": {
      "version": "1.0.0",
      "resolved": "https://verdaccio.codeblob.work/@tp%2ftp-tooltip/-/tp-tooltip-1.0.0.tgz",
      "integrity": "sha512-UtrIK5KWcEiC+HnHOVbgg90j4RjHn3e9ehOBYPZsm6zO+tT7pQJJYFOtJqBW+DDV7jVfH3AvGKCxtzNiJXYvDw==",
      "requires": {
        "@tp/helpers": "^1.0.0",
        "lit": "^2.2.0"
      }
    },
    "@types/trusted-types": {
      "version": "2.0.2",
      "resolved": "https://registry.npmjs.org/@types/trusted-types/-/trusted-types-2.0.2.tgz",
      "integrity": "sha512-F5DIZ36YVLE+PN+Zwws4kJogq47hNgX3Nx6WyDJ3kcplxyke3XIzB8uK5n/Lpm1HBsbGzd6nmGehL8cPekP+Tg=="
    },
    "date-fns": {
      "version": "2.28.0",
      "resolved": "https://verdaccio.codeblob.work/date-fns/-/date-fns-2.28.0.tgz",
      "integrity": "sha512-8d35hViGYx/QH0icHYCeLmsLmMUheMmTyV9Fcm6gvNwdw31yXXH+O85sOBJ+OLnLQMKZowvpKb6FgMIQjcpvQw=="
    },
    "event-target-shim": {
      "version": "5.0.1",
      "resolved": "https://verdaccio.codeblob.work/event-target-shim/-/event-target-shim-5.0.1.tgz",
      "integrity": "sha512-i/2XbnSz/uxRCU6+NdVJgKWDTM427+MqYbkQzD321DuCQJUqOuJKIA0IM2+W2xtYHdKOmZ4dR6fExsd4SXL+WQ=="
    },
    "lit": {
      "version": "2.2.0",
      "resolved": "https://registry.npmjs.org/lit/-/lit-2.2.0.tgz",
      "integrity": "sha512-FDyxUuczo6cJJY/2Bkgfh1872U4ikUvmK1Cb6+lYC1CW+QOo8CaWXCpvPKFzYsz0ojUxoruBLVrECc7VI2f1dQ==",
      "requires": {
        "@lit/reactive-element": "^1.3.0",
        "lit-element": "^3.2.0",
        "lit-html": "^2.2.0"
      }
    },
    "lit-element": {
      "version": "3.2.0",
      "resolved": "https://registry.npmjs.org/lit-element/-/lit-element-3.2.0.tgz",
      "integrity": "sha512-HbE7yt2SnUtg5DCrWt028oaU4D5F4k/1cntAFHTkzY8ZIa8N0Wmu92PxSxucsQSOXlODFrICkQ5x/tEshKi13g==",
      "requires": {
        "@lit/reactive-element": "^1.3.0",
        "lit-html": "^2.2.0"
      }
    },
    "lit-html": {
      "version": "2.2.0",
      "resolved": "https://registry.npmjs.org/lit-html/-/lit-html-2.2.0.tgz",
      "integrity": "sha512-dJnevgV8VkCuOXLWrjQopDE8nSy8CzipZ/ATfYQv7z7Dct4abblcKecf50gkIScuwCTzKvRLgvTgV0zzagW4gA==",
      "requires": {
        "@types/trusted-types": "^2.0.2"
      }
    },
    "neffos.js": {
      "version": "0.1.25",
      "resolved": "https://registry.npmjs.org/neffos.js/-/neffos.js-0.1.25.tgz",
      "integrity": "sha512-tCDrpnbaT94X7sRh6j23yjLdhNXqf3lewJyr5lyNgjV7KQEm9KIoVWjkb6oJPQ9l4irpePO79oMF2PNdFUm8IA==",
      "requires": {
        "@sinonjs/text-encoding": "^0.7.1",
        "node-fetch": "^2.6.0",
        "ws": "^7.0.0"
      }
    },
    "node-fetch": {
      "version": "2.6.7",
      "resolved": "https://registry.npmjs.org/node-fetch/-/node-fetch-2.6.7.tgz",
      "integrity": "sha512-ZjMPFEfVx5j+y2yF35Kzx5sF7kDzxuDj6ziH4FFbOp87zKDZNx8yExJIb05OGF4Nlt9IHFIMBkRl41VdvcNdbQ==",
      "requires": {
        "whatwg-url": "^5.0.0"
      }
    },
    "path-to-regexp": {
      "version": "6.2.0",
      "resolved": "https://registry.npmjs.org/path-to-regexp/-/path-to-regexp-6.2.0.tgz",
      "integrity": "sha512-f66KywYG6+43afgE/8j/GoiNyygk/bnoCbps++3ErRKsIYkGGupyv07R2Ok5m9i67Iqc+T2g1eAUGUPzWhYTyg=="
    },
    "tr46": {
      "version": "0.0.3",
      "resolved": "https://registry.npmjs.org/tr46/-/tr46-0.0.3.tgz",
      "integrity": "sha1-gYT9NH2snNwYWZLzpmIuFLnZq2o="
    },
    "tslib": {
      "version": "1.14.1",
      "resolved": "https://verdaccio.codeblob.work/tslib/-/tslib-1.14.1.tgz",
      "integrity": "sha512-Xni35NKzjgMrwevysHTCArtLDpPvye8zV/0E4EyYn43P7/7qvQwPh9BGkHewbMulVntbigmcT7rdX3BNo9wRJg=="
    },
    "webidl-conversions": {
      "version": "3.0.1",
      "resolved": "https://registry.npmjs.org/webidl-conversions/-/webidl-conversions-3.0.1.tgz",
      "integrity": "sha1-JFNCdeKnvGvnvIZhHMFq4KVlSHE="
    },
    "whatwg-url": {
      "version": "5.0.0",
      "resolved": "https://registry.npmjs.org/whatwg-url/-/whatwg-url-5.0.0.tgz",
      "integrity": "sha1-lmRU6HZUYuN2RNNib2dCzotwll0=",
      "requires": {
        "tr46": "~0.0.3",
        "webidl-conversions": "^3.0.0"
      }
    },
    "ws": {
      "version": "7.5.7",
      "resolved": "https://registry.npmjs.org/ws/-/ws-7.5.7.tgz",
      "integrity": "sha512-KMvVuFzpKBuiIXW3E4u3mySRO2/mCHSyZDJQM5NQ9Q9KHWHWh0NHgfbRMLLrceUK5qAL4ytALJbpRMjixFZh8A==",
      "requires": {}
    }
  }
}
